# This file is automatically @generated by Poetry 1.8.2 and should not be changed by hand.

[[package]]
name = "Monzo-API"
version = "1.0.0"
description = "Package to interact with the API provided by Monzo bank"
optional = false
python-versions = ">=3.8"
files = []
develop = false

[package.extras]
build = ["build", "wheel"]
docs = ["sphinx", "sphinx_rtd_theme"]
test = ["flake8", "isort", "mypy", "pytest", "pytest-mock"]

[package.source]
type = "git"
url = "https://github.com/rippleFCL/monzo-api.git"
reference = "HEAD"
resolved_reference = "7cd71036a663d23e35e7ad28b2650b76630b1a23"

[metadata]
lock-version = "2.0"
python-versions = "^3.11"
content-hash = "0301353aec9f13dd19dba84f7f6a81f060af5c5245b2712d066cdfa2a1d9d01b"
